<?xml version="1.0" encoding="utf-8"?>
<Project ToolsVersion="4.0" xmlns="http://schemas.microsoft.com/developer/msbuild/2003">
  <ItemGroup>
    <Filter Include="App">
      <UniqueIdentifier>{d6df8865-784c-48ba-af8c-b5d967ef0aad}</UniqueIdentifier>
    </Filter>
    <Filter Include="Engine">
      <UniqueIdentifier>{7f84139d-6657-42ff-a608-da9c3923a606}</UniqueIdentifier>
    </Filter>
    <Filter Include="Engine\GraphicsEngine">
      <UniqueIdentifier>{0f9edd37-3b57-476d-b365-2ce2cf1773a1}</UniqueIdentifier>
    </Filter>
    <Filter Include="Engine\InputSystem">
      <UniqueIdentifier>{3b8b3bda-983c-4011-a974-afede269c246}</UniqueIdentifier>
    </Filter>
    <Filter Include="Engine\Math">
      <UniqueIdentifier>{6884fc2d-837f-4cab-9c9e-71bde922394e}</UniqueIdentifier>
    </Filter>
    <Filter Include="Engine\Window">
      <UniqueIdentifier>{0b9f6d4b-9e53-4d50-baab-d5b194af4ee9}</UniqueIdentifier>
    </Filter>
    <Filter Include="Engine\GraphicsEngine\RenderSystem">
      <UniqueIdentifier>{57255a3c-1d90-47a5-a14c-0dd83dc30474}</UniqueIdentifier>
    </Filter>
    <Filter Include="Engine\GraphicsEngine\RenderSystem\SwapChain">
      <UniqueIdentifier>{ebe63758-b028-4e1e-8799-a1e10ab6a7eb}</UniqueIdentifier>
    </Filter>
    <Filter Include="Engine\GraphicsEngine\RenderSystem\VertexBuffer">
      <UniqueIdentifier>{8f5fefda-820a-4f9f-b4ab-9b56f7bb5d57}</UniqueIdentifier>
    </Filter>
    <Filter Include="Engine\GraphicsEngine\RenderSystem\VertexShader">
      <UniqueIdentifier>{65d0f7b0-a7bf-43a3-84f8-688a7acf85f6}</UniqueIdentifier>
    </Filter>
    <Filter Include="Engine\GraphicsEngine\RenderSystem\PixelShader">
      <UniqueIdentifier>{23ef5a09-51f6-45ea-8a1a-02bf3f818239}</UniqueIdentifier>
    </Filter>
    <Filter Include="Engine\GraphicsEngine\RenderSystem\DeviceContext">
      <UniqueIdentifier>{14a4d1dd-f0fd-438c-bb9e-72dfd25deb5d}</UniqueIdentifier>
    </Filter>
    <Filter Include="Engine\GraphicsEngine\RenderSystem\IndexBuffer">
      <UniqueIdentifier>{c25186ae-57c7-4a14-9a75-00dc0d54d620}</UniqueIdentifier>
    </Filter>
    <Filter Include="Engine\GraphicsEngine\RenderSystem\ConstantBuffer">
      <UniqueIdentifier>{7620a68f-31cd-495c-af30-d2759e5134b3}</UniqueIdentifier>
    </Filter>
    <Filter Include="Engine\GraphicsEngine\ResourceManager">
      <UniqueIdentifier>{c6828e4d-8bd4-47ca-84fa-8b0d97da4973}</UniqueIdentifier>
    </Filter>
    <Filter Include="Engine\GraphicsEngine\ResourceManager\TextureManager">
      <UniqueIdentifier>{ef093482-2d33-4f58-8d80-9b3d43a1510a}</UniqueIdentifier>
    </Filter>
    <Filter Include="Engine\GraphicsEngine\ResourceManager\MeshManager">
      <UniqueIdentifier>{20e6bc3f-1e9f-4aaa-b848-b59f2e29edef}</UniqueIdentifier>
    </Filter>
    <Filter Include="Engine\SceneSystem">
      <UniqueIdentifier>{de63b8e1-7b0d-4447-8bf3-1f172781363b}</UniqueIdentifier>
    </Filter>
    <Filter Include="Engine\SceneSystem\SceneObject">
      <UniqueIdentifier>{fbcef247-6b55-4ab3-9683-1660b66420d0}</UniqueIdentifier>
    </Filter>
    <Filter Include="Engine\SceneSystem\MeshObject">
      <UniqueIdentifier>{322f6190-94cc-425e-957a-a8428005425f}</UniqueIdentifier>
    </Filter>
    <Filter Include="Engine\SceneSystem\CameraObject">
      <UniqueIdentifier>{a199c7ac-c279-4e95-ac86-ebe3a38f43f6}</UniqueIdentifier>
    </Filter>
    <Filter Include="Engine\SceneSystem\DirectionalLightObject">
      <UniqueIdentifier>{00000c63-7da0-4856-a113-73f43f4ad9bf}</UniqueIdentifier>
    </Filter>
    <Filter Include="App\Shaders">
      <UniqueIdentifier>{80531ffa-ceee-42f8-b419-b9aab3049352}</UniqueIdentifier>
    </Filter>
    <Filter Include="Engine\SceneSystem\PointLightObject">
      <UniqueIdentifier>{6490a411-ff2c-46d5-a99e-53b6ef921a0f}</UniqueIdentifier>
    </Filter>
    <Filter Include="Engine\GraphicsEngine\ResourceManager\Material">
      <UniqueIdentifier>{e4eb69d6-dbc1-446c-88d9-209cb4660bb6}</UniqueIdentifier>
    </Filter>
    <Filter Include="Engine\Audio">
      <UniqueIdentifier>{88c26e9c-669f-4a5e-b283-52c66d9bc89a}</UniqueIdentifier>
    </Filter>
    <Filter Include="Engine\SceneSystem\AudioSourceObject">
      <UniqueIdentifier>{68d95eb3-2798-4c5b-b81f-befe5463a2da}</UniqueIdentifier>
    </Filter>
    <Filter Include="Engine\ScriptingSystem">
      <UniqueIdentifier>{d108d2de-4733-4e42-9fbb-1483018b9a4d}</UniqueIdentifier>
    </Filter>
    <Filter Include="Engine\SceneSystem\ScriptObject">
      <UniqueIdentifier>{86a5db21-2e2d-4d61-9e99-835101f4745b}</UniqueIdentifier>
    </Filter>
    <Filter Include="Engine\SceneSystem\NumberObject">
      <UniqueIdentifier>{dd111198-56e7-425a-bcac-0e3b1ac3926b}</UniqueIdentifier>
    </Filter>
    <Filter Include="Engine\SceneSystem\Vec3Object">
      <UniqueIdentifier>{268629ed-16c0-463e-a5b6-9a3e0900427c}</UniqueIdentifier>
    </Filter>
    <Filter Include="Engine\ScriptingSystem\Script">
      <UniqueIdentifier>{c22ee686-43c5-4a2f-be89-04c2a615134c}</UniqueIdentifier>
    </Filter>
    <Filter Include="Engine\SceneSystem\TerrainObject">
      <UniqueIdentifier>{90981222-929d-40b5-80d9-88fa8e38e312}</UniqueIdentifier>
    </Filter>
    <Filter Include="Engine\SceneSystem\WaterTile">
      <UniqueIdentifier>{9f1abb36-0429-43fc-9391-44f847b0006d}</UniqueIdentifier>
    </Filter>
    <Filter Include="Engine\GraphicsEngine\RenderSystem\FrameBuffer">
      <UniqueIdentifier>{fe4934de-94fe-448f-b50b-2298f982e0fa}</UniqueIdentifier>
    </Filter>
    <Filter Include="Engine\SceneSystem\VolumeObject">
      <UniqueIdentifier>{c8b8f077-5b3f-453e-99d6-c50c746c4ff5}</UniqueIdentifier>
    </Filter>
  </ItemGroup>
  <ItemGroup>
    <ClCompile Include="AppWindow.cpp">
      <Filter>App</Filter>
    </ClCompile>
    <ClCompile Include="Window.cpp">
      <Filter>Engine\Window</Filter>
    </ClCompile>
    <ClCompile Include="InputSystem.cpp">
      <Filter>Engine\InputSystem</Filter>
    </ClCompile>
    <ClCompile Include="ConstantBuffer.cpp">
      <Filter>Engine\GraphicsEngine\RenderSystem\ConstantBuffer</Filter>
    </ClCompile>
    <ClCompile Include="DeviceContext.cpp">
      <Filter>Engine\GraphicsEngine\RenderSystem\DeviceContext</Filter>
    </ClCompile>
    <ClCompile Include="IndexBuffer.cpp">
      <Filter>Engine\GraphicsEngine\RenderSystem\IndexBuffer</Filter>
    </ClCompile>
    <ClCompile Include="PixelShader.cpp">
      <Filter>Engine\GraphicsEngine\RenderSystem\PixelShader</Filter>
    </ClCompile>
    <ClCompile Include="RenderSystem.cpp">
      <Filter>Engine\GraphicsEngine\RenderSystem</Filter>
    </ClCompile>
    <ClCompile Include="SwapChain.cpp">
      <Filter>Engine\GraphicsEngine\RenderSystem\SwapChain</Filter>
    </ClCompile>
    <ClCompile Include="VertexBuffer.cpp">
      <Filter>Engine\GraphicsEngine\RenderSystem\VertexBuffer</Filter>
    </ClCompile>
    <ClCompile Include="VertexShader.cpp">
      <Filter>Engine\GraphicsEngine\RenderSystem\VertexShader</Filter>
    </ClCompile>
    <ClCompile Include="main.cpp">
      <Filter>App</Filter>
    </ClCompile>
    <ClCompile Include="GraphicsEngine.cpp">
      <Filter>Engine\GraphicsEngine</Filter>
    </ClCompile>
    <ClCompile Include="Resource.cpp">
      <Filter>Engine\GraphicsEngine\ResourceManager</Filter>
    </ClCompile>
    <ClCompile Include="ResourceManager.cpp">
      <Filter>Engine\GraphicsEngine\ResourceManager</Filter>
    </ClCompile>
    <ClCompile Include="Texture.cpp">
      <Filter>Engine\GraphicsEngine\ResourceManager\TextureManager</Filter>
    </ClCompile>
    <ClCompile Include="TextureManager.cpp">
      <Filter>Engine\GraphicsEngine\ResourceManager\TextureManager</Filter>
    </ClCompile>
    <ClCompile Include="Mesh.cpp">
      <Filter>Engine\GraphicsEngine\ResourceManager\MeshManager</Filter>
    </ClCompile>
    <ClCompile Include="MeshManager.cpp">
      <Filter>Engine\GraphicsEngine\ResourceManager\MeshManager</Filter>
    </ClCompile>
    <ClCompile Include="SceneObject.cpp">
      <Filter>Engine\SceneSystem\SceneObject</Filter>
    </ClCompile>
    <ClCompile Include="MeshObject.cpp">
      <Filter>Engine\SceneSystem\MeshObject</Filter>
    </ClCompile>
    <ClCompile Include="CameraObject.cpp">
      <Filter>Engine\SceneSystem\CameraObject</Filter>
    </ClCompile>
    <ClCompile Include="DirectionalLightObject.cpp">
      <Filter>Engine\SceneSystem\DirectionalLightObject</Filter>
    </ClCompile>
    <ClCompile Include="SceneSystem.cpp">
      <Filter>Engine\SceneSystem</Filter>
    </ClCompile>
    <ClCompile Include="PointLightObject.cpp">
      <Filter>Engine\SceneSystem\PointLightObject</Filter>
    </ClCompile>
    <ClCompile Include="Material.cpp">
      <Filter>Engine\GraphicsEngine\ResourceManager\Material</Filter>
    </ClCompile>
    <ClCompile Include="AudioSystem.cpp">
      <Filter>Engine\Audio</Filter>
    </ClCompile>
    <ClCompile Include="AudioSound.cpp">
      <Filter>Engine\Audio</Filter>
    </ClCompile>
    <ClCompile Include="AudioSoundManager.cpp">
      <Filter>Engine\Audio</Filter>
    </ClCompile>
    <ClCompile Include="AudioSourceObject.cpp">
      <Filter>Engine\SceneSystem\AudioSourceObject</Filter>
    </ClCompile>
    <ClCompile Include="ScriptSystem.cpp">
      <Filter>Engine\ScriptingSystem</Filter>
    </ClCompile>
    <ClCompile Include="ScriptObject.cpp">
      <Filter>Engine\SceneSystem\ScriptObject</Filter>
    </ClCompile>
    <ClCompile Include="NumberObject.cpp">
      <Filter>Engine\SceneSystem\NumberObject</Filter>
    </ClCompile>
    <ClCompile Include="Vec3Object.cpp">
      <Filter>Engine\SceneSystem\Vec3Object</Filter>
    </ClCompile>
    <ClCompile Include="Script.cpp">
      <Filter>Engine\ScriptingSystem\Script</Filter>
    </ClCompile>
    <ClCompile Include="TerrainObject.cpp">
      <Filter>Engine\SceneSystem\TerrainObject</Filter>
    </ClCompile>
    <ClCompile Include="WaterTileObject.cpp">
      <Filter>Engine\SceneSystem\WaterTile</Filter>
    </ClCompile>
    <ClCompile Include="FrameBuffer.cpp">
      <Filter>Engine\GraphicsEngine\RenderSystem\FrameBuffer</Filter>
    </ClCompile>
    <ClCompile Include="WaterRenderManager.cpp">
      <Filter>App</Filter>
    </ClCompile>
    <ClCompile Include="TerrainRendererManager.cpp">
      <Filter>App</Filter>
    </ClCompile>
    <ClCompile Include="MeshRenderManager.cpp">
      <Filter>App</Filter>
    </ClCompile>
    <ClCompile Include="VolumetricRenderManager.cpp">
      <Filter>App</Filter>
    </ClCompile>
    <ClCompile Include="VolumeObject.cpp">
      <Filter>Engine\SceneSystem\VolumeObject</Filter>
    </ClCompile>
  </ItemGroup>
  <ItemGroup>
    <ClInclude Include="AppWindow.h">
      <Filter>App</Filter>
    </ClInclude>
    <ClInclude Include="Window.h">
      <Filter>Engine\Window</Filter>
    </ClInclude>
    <ClInclude Include="Point.h">
      <Filter>Engine\Math</Filter>
    </ClInclude>
    <ClInclude Include="Vector.h">
      <Filter>Engine\Math</Filter>
    </ClInclude>
    <ClInclude Include="InputListener.h">
      <Filter>Engine\InputSystem</Filter>
    </ClInclude>
    <ClInclude Include="InputSystem.h">
      <Filter>Engine\InputSystem</Filter>
    </ClInclude>
    <ClInclude Include="prerequisites.h">
      <Filter>Engine</Filter>
    </ClInclude>
    <ClInclude Include="ConstantBuffer.h">
      <Filter>Engine\GraphicsEngine\RenderSystem\ConstantBuffer</Filter>
    </ClInclude>
    <ClInclude Include="DeviceContext.h">
      <Filter>Engine\GraphicsEngine\RenderSystem\DeviceContext</Filter>
    </ClInclude>
    <ClInclude Include="IndexBuffer.h">
      <Filter>Engine\GraphicsEngine\RenderSystem\IndexBuffer</Filter>
    </ClInclude>
    <ClInclude Include="PixelShader.h">
      <Filter>Engine\GraphicsEngine\RenderSystem\PixelShader</Filter>
    </ClInclude>
    <ClInclude Include="RenderSystem.h">
      <Filter>Engine\GraphicsEngine\RenderSystem</Filter>
    </ClInclude>
    <ClInclude Include="SwapChain.h">
      <Filter>Engine\GraphicsEngine\RenderSystem\SwapChain</Filter>
    </ClInclude>
    <ClInclude Include="VertexBuffer.h">
      <Filter>Engine\GraphicsEngine\RenderSystem\VertexBuffer</Filter>
    </ClInclude>
    <ClInclude Include="VertexShader.h">
      <Filter>Engine\GraphicsEngine\RenderSystem\VertexShader</Filter>
    </ClInclude>
    <ClInclude Include="GraphicsEngine.h">
      <Filter>Engine\GraphicsEngine</Filter>
    </ClInclude>
    <ClInclude Include="Resource.h">
      <Filter>Engine\GraphicsEngine\ResourceManager</Filter>
    </ClInclude>
    <ClInclude Include="ResourceManager.h">
      <Filter>Engine\GraphicsEngine\ResourceManager</Filter>
    </ClInclude>
    <ClInclude Include="Texture.h">
      <Filter>Engine\GraphicsEngine\ResourceManager\TextureManager</Filter>
    </ClInclude>
    <ClInclude Include="TextureManager.h">
      <Filter>Engine\GraphicsEngine\ResourceManager\TextureManager</Filter>
    </ClInclude>
    <ClInclude Include="Mesh.h">
      <Filter>Engine\GraphicsEngine\ResourceManager\MeshManager</Filter>
    </ClInclude>
    <ClInclude Include="MeshManager.h">
      <Filter>Engine\GraphicsEngine\ResourceManager\MeshManager</Filter>
    </ClInclude>
    <ClInclude Include="VertexMesh.h">
      <Filter>Engine\Math</Filter>
    </ClInclude>
    <ClInclude Include="SceneObject.h">
      <Filter>Engine\SceneSystem\SceneObject</Filter>
    </ClInclude>
    <ClInclude Include="MeshObject.h">
      <Filter>Engine\SceneSystem\MeshObject</Filter>
    </ClInclude>
    <ClInclude Include="CameraObject.h">
      <Filter>Engine\SceneSystem\CameraObject</Filter>
    </ClInclude>
    <ClInclude Include="DirectionalLightObject.h">
      <Filter>Engine\SceneSystem\DirectionalLightObject</Filter>
    </ClInclude>
    <ClInclude Include="SceneSystem.h">
      <Filter>Engine\SceneSystem</Filter>
    </ClInclude>
    <ClInclude Include="PointLightObject.h">
      <Filter>Engine\SceneSystem\PointLightObject</Filter>
    </ClInclude>
    <ClInclude Include="Material.h">
      <Filter>Engine\GraphicsEngine\ResourceManager\Material</Filter>
    </ClInclude>
    <ClInclude Include="AudioSystem.h">
      <Filter>Engine\Audio</Filter>
    </ClInclude>
    <ClInclude Include="AudioSound.h">
      <Filter>Engine\Audio</Filter>
    </ClInclude>
    <ClInclude Include="AudioSoundManager.h">
      <Filter>Engine\Audio</Filter>
    </ClInclude>
    <ClInclude Include="alhelper.h">
      <Filter>Engine\Audio</Filter>
    </ClInclude>
    <ClInclude Include="AudioSourceObject.h">
      <Filter>Engine\SceneSystem\AudioSourceObject</Filter>
    </ClInclude>
    <ClInclude Include="ScriptSystem.h">
      <Filter>Engine\ScriptingSystem</Filter>
    </ClInclude>
    <ClInclude Include="ScriptObject.h">
      <Filter>Engine\SceneSystem\ScriptObject</Filter>
    </ClInclude>
    <ClInclude Include="NumberObject.h">
      <Filter>Engine\SceneSystem\NumberObject</Filter>
    </ClInclude>
    <ClInclude Include="Vec3Object.h">
      <Filter>Engine\SceneSystem\Vec3Object</Filter>
    </ClInclude>
    <ClInclude Include="Script.h">
      <Filter>Engine\ScriptingSystem\Script</Filter>
    </ClInclude>
    <ClInclude Include="TerrainObject.h">
      <Filter>Engine\SceneSystem\TerrainObject</Filter>
    </ClInclude>
    <ClInclude Include="Perlin.h">
      <Filter>Engine\Math</Filter>
    </ClInclude>
    <ClInclude Include="WaterTileObject.h">
      <Filter>Engine\SceneSystem\WaterTile</Filter>
    </ClInclude>
    <ClInclude Include="FrameBuffer.h">
      <Filter>Engine\GraphicsEngine\RenderSystem\FrameBuffer</Filter>
    </ClInclude>
    <ClInclude Include="WaterRenderManager.h">
      <Filter>App</Filter>
    </ClInclude>
    <ClInclude Include="TerrainRendererManager.h">
      <Filter>App</Filter>
    </ClInclude>
    <ClInclude Include="MeshRenderManager.h">
      <Filter>App</Filter>
    </ClInclude>
    <ClInclude Include="VolumetricRenderManager.h">
      <Filter>App</Filter>
    </ClInclude>
    <ClInclude Include="VolumeObject.h">
      <Filter>Engine\SceneSystem\VolumeObject</Filter>
    </ClInclude>
  </ItemGroup>
  <ItemGroup>
    <FxCompile Include="VertexMeshLayoutShader.hlsl">
      <Filter>Engine\GraphicsEngine</Filter>
    </FxCompile>
    <FxCompile Include="SkyboxShader.hlsl">
      <Filter>App\Shaders</Filter>
    </FxCompile>
    <FxCompile Include="VertexShader.hlsl">
      <Filter>App\Shaders</Filter>
    </FxCompile>
    <FxCompile Include="PixelShader.hlsl">
      <Filter>App\Shaders</Filter>
    </FxCompile>
    <FxCompile Include="TerrainPixelShader.hlsl">
      <Filter>App\Shaders</Filter>
    </FxCompile>
    <FxCompile Include="TerrainVertexShader.hlsl">
      <Filter>App\Shaders</Filter>
    </FxCompile>
    <FxCompile Include="WaterVertexShader.hlsl">
      <Filter>App\Shaders</Filter>
    </FxCompile>
    <FxCompile Include="WaterPixelShader.hlsl">
      <Filter>App\Shaders</Filter>
    </FxCompile>
    <FxCompile Include="VertexWaterLayoutShader.hlsl">
      <Filter>Engine\GraphicsEngine</Filter>
    </FxCompile>
  </ItemGroup>
  <ItemGroup>
    <Text Include="scene.txt">
      <Filter>App</Filter>
    </Text>
  </ItemGroup>
</Project>