<?xml version="1.0" encoding="utf-8"?>
<Project ToolsVersion="4.0" xmlns="http://schemas.microsoft.com/developer/msbuild/2003">
  <ItemGroup>
    <Filter Include="App">
      <UniqueIdentifier>{d6df8865-784c-48ba-af8c-b5d967ef0aad}</UniqueIdentifier>
    </Filter>
    <Filter Include="Engine">
      <UniqueIdentifier>{7f84139d-6657-42ff-a608-da9c3923a606}</UniqueIdentifier>
    </Filter>
    <Filter Include="Engine\GraphicsEngine">
      <UniqueIdentifier>{0f9edd37-3b57-476d-b365-2ce2cf1773a1}</UniqueIdentifier>
    </Filter>
    <Filter Include="Engine\InputSystem">
      <UniqueIdentifier>{3b8b3bda-983c-4011-a974-afede269c246}</UniqueIdentifier>
    </Filter>
    <Filter Include="Engine\Math">
      <UniqueIdentifier>{6884fc2d-837f-4cab-9c9e-71bde922394e}</UniqueIdentifier>
    </Filter>
    <Filter Include="Engine\Window">
      <UniqueIdentifier>{0b9f6d4b-9e53-4d50-baab-d5b194af4ee9}</UniqueIdentifier>
    </Filter>
    <Filter Include="Engine\GraphicsEngine\RenderSystem">
      <UniqueIdentifier>{57255a3c-1d90-47a5-a14c-0dd83dc30474}</UniqueIdentifier>
    </Filter>
    <Filter Include="Engine\GraphicsEngine\RenderSystem\SwapChain">
      <UniqueIdentifier>{ebe63758-b028-4e1e-8799-a1e10ab6a7eb}</UniqueIdentifier>
    </Filter>
    <Filter Include="Engine\GraphicsEngine\RenderSystem\VertexBuffer">
      <UniqueIdentifier>{8f5fefda-820a-4f9f-b4ab-9b56f7bb5d57}</UniqueIdentifier>
    </Filter>
    <Filter Include="Engine\GraphicsEngine\RenderSystem\VertexShader">
      <UniqueIdentifier>{65d0f7b0-a7bf-43a3-84f8-688a7acf85f6}</UniqueIdentifier>
    </Filter>
    <Filter Include="Engine\GraphicsEngine\RenderSystem\PixelShader">
      <UniqueIdentifier>{23ef5a09-51f6-45ea-8a1a-02bf3f818239}</UniqueIdentifier>
    </Filter>
    <Filter Include="Engine\GraphicsEngine\RenderSystem\DeviceContext">
      <UniqueIdentifier>{14a4d1dd-f0fd-438c-bb9e-72dfd25deb5d}</UniqueIdentifier>
    </Filter>
    <Filter Include="Engine\GraphicsEngine\RenderSystem\IndexBuffer">
      <UniqueIdentifier>{c25186ae-57c7-4a14-9a75-00dc0d54d620}</UniqueIdentifier>
    </Filter>
    <Filter Include="Engine\GraphicsEngine\RenderSystem\ConstantBuffer">
      <UniqueIdentifier>{7620a68f-31cd-495c-af30-d2759e5134b3}</UniqueIdentifier>
    </Filter>
    <Filter Include="Engine\GraphicsEngine\ResourceManager">
      <UniqueIdentifier>{c6828e4d-8bd4-47ca-84fa-8b0d97da4973}</UniqueIdentifier>
    </Filter>
    <Filter Include="Engine\GraphicsEngine\ResourceManager\TextureManager">
      <UniqueIdentifier>{ef093482-2d33-4f58-8d80-9b3d43a1510a}</UniqueIdentifier>
    </Filter>
    <Filter Include="Engine\GraphicsEngine\ResourceManager\MeshManager">
      <UniqueIdentifier>{20e6bc3f-1e9f-4aaa-b848-b59f2e29edef}</UniqueIdentifier>
    </Filter>
    <Filter Include="Engine\SceneSystem">
      <UniqueIdentifier>{de63b8e1-7b0d-4447-8bf3-1f172781363b}</UniqueIdentifier>
    </Filter>
    <Filter Include="Engine\SceneSystem\SceneObject">
      <UniqueIdentifier>{fbcef247-6b55-4ab3-9683-1660b66420d0}</UniqueIdentifier>
    </Filter>
    <Filter Include="Engine\SceneSystem\MeshObject">
      <UniqueIdentifier>{322f6190-94cc-425e-957a-a8428005425f}</UniqueIdentifier>
    </Filter>
    <Filter Include="Engine\SceneSystem\CameraObject">
      <UniqueIdentifier>{a199c7ac-c279-4e95-ac86-ebe3a38f43f6}</UniqueIdentifier>
    </Filter>
  </ItemGroup>
  <ItemGroup>
    <ClCompile Include="AppWindow.cpp">
      <Filter>App</Filter>
    </ClCompile>
    <ClCompile Include="Window.cpp">
      <Filter>Engine\Window</Filter>
    </ClCompile>
    <ClCompile Include="InputSystem.cpp">
      <Filter>Engine\InputSystem</Filter>
    </ClCompile>
    <ClCompile Include="ConstantBuffer.cpp">
      <Filter>Engine\GraphicsEngine\RenderSystem\ConstantBuffer</Filter>
    </ClCompile>
    <ClCompile Include="DeviceContext.cpp">
      <Filter>Engine\GraphicsEngine\RenderSystem\DeviceContext</Filter>
    </ClCompile>
    <ClCompile Include="IndexBuffer.cpp">
      <Filter>Engine\GraphicsEngine\RenderSystem\IndexBuffer</Filter>
    </ClCompile>
    <ClCompile Include="PixelShader.cpp">
      <Filter>Engine\GraphicsEngine\RenderSystem\PixelShader</Filter>
    </ClCompile>
    <ClCompile Include="RenderSystem.cpp">
      <Filter>Engine\GraphicsEngine\RenderSystem</Filter>
    </ClCompile>
    <ClCompile Include="SwapChain.cpp">
      <Filter>Engine\GraphicsEngine\RenderSystem\SwapChain</Filter>
    </ClCompile>
    <ClCompile Include="VertexBuffer.cpp">
      <Filter>Engine\GraphicsEngine\RenderSystem\VertexBuffer</Filter>
    </ClCompile>
    <ClCompile Include="VertexShader.cpp">
      <Filter>Engine\GraphicsEngine\RenderSystem\VertexShader</Filter>
    </ClCompile>
    <ClCompile Include="main.cpp">
      <Filter>App</Filter>
    </ClCompile>
    <ClCompile Include="GraphicsEngine.cpp">
      <Filter>Engine\GraphicsEngine</Filter>
    </ClCompile>
    <ClCompile Include="Resource.cpp">
      <Filter>Engine\GraphicsEngine\ResourceManager</Filter>
    </ClCompile>
    <ClCompile Include="ResourceManager.cpp">
      <Filter>Engine\GraphicsEngine\ResourceManager</Filter>
    </ClCompile>
    <ClCompile Include="Texture.cpp">
      <Filter>Engine\GraphicsEngine\ResourceManager\TextureManager</Filter>
    </ClCompile>
    <ClCompile Include="TextureManager.cpp">
      <Filter>Engine\GraphicsEngine\ResourceManager\TextureManager</Filter>
    </ClCompile>
    <ClCompile Include="Mesh.cpp">
      <Filter>Engine\GraphicsEngine\ResourceManager\MeshManager</Filter>
    </ClCompile>
    <ClCompile Include="MeshManager.cpp">
      <Filter>Engine\GraphicsEngine\ResourceManager\MeshManager</Filter>
    </ClCompile>
    <ClCompile Include="SceneObject.cpp">
      <Filter>Engine\SceneSystem\SceneObject</Filter>
    </ClCompile>
    <ClCompile Include="MeshObject.cpp">
      <Filter>Engine\SceneSystem\MeshObject</Filter>
    </ClCompile>
    <ClCompile Include="CameraObject.cpp">
      <Filter>Engine\SceneSystem\CameraObject</Filter>
    </ClCompile>
  </ItemGroup>
  <ItemGroup>
    <ClInclude Include="AppWindow.h">
      <Filter>App</Filter>
    </ClInclude>
    <ClInclude Include="Window.h">
      <Filter>Engine\Window</Filter>
    </ClInclude>
    <ClInclude Include="Point.h">
      <Filter>Engine\Math</Filter>
    </ClInclude>
    <ClInclude Include="Vector.h">
      <Filter>Engine\Math</Filter>
    </ClInclude>
    <ClInclude Include="InputListener.h">
      <Filter>Engine\InputSystem</Filter>
    </ClInclude>
    <ClInclude Include="InputSystem.h">
      <Filter>Engine\InputSystem</Filter>
    </ClInclude>
    <ClInclude Include="prerequisites.h">
      <Filter>Engine</Filter>
    </ClInclude>
    <ClInclude Include="ConstantBuffer.h">
      <Filter>Engine\GraphicsEngine\RenderSystem\ConstantBuffer</Filter>
    </ClInclude>
    <ClInclude Include="DeviceContext.h">
      <Filter>Engine\GraphicsEngine\RenderSystem\DeviceContext</Filter>
    </ClInclude>
    <ClInclude Include="IndexBuffer.h">
      <Filter>Engine\GraphicsEngine\RenderSystem\IndexBuffer</Filter>
    </ClInclude>
    <ClInclude Include="PixelShader.h">
      <Filter>Engine\GraphicsEngine\RenderSystem\PixelShader</Filter>
    </ClInclude>
    <ClInclude Include="RenderSystem.h">
      <Filter>Engine\GraphicsEngine\RenderSystem</Filter>
    </ClInclude>
    <ClInclude Include="SwapChain.h">
      <Filter>Engine\GraphicsEngine\RenderSystem\SwapChain</Filter>
    </ClInclude>
    <ClInclude Include="VertexBuffer.h">
      <Filter>Engine\GraphicsEngine\RenderSystem\VertexBuffer</Filter>
    </ClInclude>
    <ClInclude Include="VertexShader.h">
      <Filter>Engine\GraphicsEngine\RenderSystem\VertexShader</Filter>
    </ClInclude>
    <ClInclude Include="GraphicsEngine.h">
      <Filter>Engine\GraphicsEngine</Filter>
    </ClInclude>
    <ClInclude Include="Resource.h">
      <Filter>Engine\GraphicsEngine\ResourceManager</Filter>
    </ClInclude>
    <ClInclude Include="ResourceManager.h">
      <Filter>Engine\GraphicsEngine\ResourceManager</Filter>
    </ClInclude>
    <ClInclude Include="Texture.h">
      <Filter>Engine\GraphicsEngine\ResourceManager\TextureManager</Filter>
    </ClInclude>
    <ClInclude Include="TextureManager.h">
      <Filter>Engine\GraphicsEngine\ResourceManager\TextureManager</Filter>
    </ClInclude>
    <ClInclude Include="Mesh.h">
      <Filter>Engine\GraphicsEngine\ResourceManager\MeshManager</Filter>
    </ClInclude>
    <ClInclude Include="MeshManager.h">
      <Filter>Engine\GraphicsEngine\ResourceManager\MeshManager</Filter>
    </ClInclude>
    <ClInclude Include="VertexMesh.h">
      <Filter>Engine\Math</Filter>
    </ClInclude>
    <ClInclude Include="SceneObject.h">
      <Filter>Engine\SceneSystem\SceneObject</Filter>
    </ClInclude>
    <ClInclude Include="MeshObject.h">
      <Filter>Engine\SceneSystem\MeshObject</Filter>
    </ClInclude>
    <ClInclude Include="CameraObject.h">
      <Filter>Engine\SceneSystem\CameraObject</Filter>
    </ClInclude>
  </ItemGroup>
  <ItemGroup>
    <FxCompile Include="VertexMeshLayoutShader.hlsl">
      <Filter>Engine\GraphicsEngine</Filter>
    </FxCompile>
    <FxCompile Include="PixelShader.hlsl">
      <Filter>App</Filter>
    </FxCompile>
    <FxCompile Include="VertexShader.hlsl">
      <Filter>App</Filter>
    </FxCompile>
  </ItemGroup>
</Project>